
Microsoft Visual Studio Solution File, Format Version 12.00
# Visual Studio Version 17
VisualStudioVersion = 17.2.32505.173
MinimumVisualStudioVersion = 10.0.40219.1
Project("{FAE04EC0-301F-11D3-BF4B-00C04F79EFBC}") = "ProjetoTcc", "ProjetoTcc\ProjetoTcc.csproj", "{8E180156-4D49-4B0C-8B48-023EBC337CF6}"
EndProject
Global
	GlobalSection(SolutionConfigurationPlatforms) = preSolution
		Debug|Any CPU = Debug|Any CPU
		Release|Any CPU = Release|Any CPU
	EndGlobalSection
	GlobalSection(ProjectConfigurationPlatforms) = postSolution
		{8E180156-4D49-4B0C-8B48-023EBC337CF6}.Debug|Any CPU.ActiveCfg = Debug|Any CPU
		{8E180156-4D49-4B0C-8B48-023EBC337CF6}.Debug|Any CPU.Build.0 = Debug|Any CPU
		{8E180156-4D49-4B0C-8B48-023EBC337CF6}.Release|Any CPU.ActiveCfg = Release|Any CPU
		{8E180156-4D49-4B0C-8B48-023EBC337CF6}.Release|Any CPU.Build.0 = Release|Any CPU
	EndGlobalSection
	GlobalSection(SolutionProperties) = preSolution
		HideSolutionNode = FALSE
	EndGlobalSection
	GlobalSection(ExtensibilityGlobals) = postSolution
		SolutionGuid = {26FB9305-22BF-4F49-9A86-A418BF698B8E}
	EndGlobalSection
EndGlobal
